
Microsoft Visual Studio Solution File, Format Version 12.00
# Visual Studio Version 16
VisualStudioVersion = 16.0.28729.10
MinimumVisualStudioVersion = 10.0.40219.1
Project("{FAE04EC0-301F-11D3-BF4B-00C04F79EFBC}") = "Task", "Task.csproj", "{6C967B35-183C-4F64-A91B-9EC127AE585C}"
EndProject
Global
	GlobalSection(SolutionConfigurationPlatforms) = preSolution
		Debug|Any CPU = Debug|Any CPU
		Release|Any CPU = Release|Any CPU
	EndGlobalSection
	GlobalSection(ProjectConfigurationPlatforms) = postSolution
		{6C967B35-183C-4F64-A91B-9EC127AE585C}.Debug|Any CPU.ActiveCfg = Debug|Any CPU
		{6C967B35-183C-4F64-A91B-9EC127AE585C}.Debug|Any CPU.Build.0 = Debug|Any CPU
		{6C967B35-183C-4F64-A91B-9EC127AE585C}.Release|Any CPU.ActiveCfg = Release|Any CPU
		{6C967B35-183C-4F64-A91B-9EC127AE585C}.Release|Any CPU.Build.0 = Release|Any CPU
	EndGlobalSection
	GlobalSection(SolutionProperties) = preSolution
		HideSolutionNode = FALSE
	EndGlobalSection
	GlobalSection(ExtensibilityGlobals) = postSolution
		SolutionGuid = {115810D2-A87A-48C6-A2F0-D9682AE247A0}
	EndGlobalSection
EndGlobal
